
Microsoft Visual Studio Solution File, Format Version 12.00
# Visual Studio 15
VisualStudioVersion = 15.0.27130.2003
MinimumVisualStudioVersion = 10.0.40219.1
Project("{8BC9CEB8-8B4A-11D0-8D11-00A0C91BC942}") = "rtklibppp", "rtklibppp\rtklibppp.vcxproj", "{798A0959-33C6-4912-8A87-5C964F023179}"
EndProject
Global
	GlobalSection(SolutionConfigurationPlatforms) = preSolution
		Debug|x64 = Debug|x64
		Debug|x86 = Debug|x86
		Release|x64 = Release|x64
		Release|x86 = Release|x86
	EndGlobalSection
	GlobalSection(ProjectConfigurationPlatforms) = postSolution
		{798A0959-33C6-4912-8A87-5C964F023179}.Debug|x64.ActiveCfg = Debug|x64
		{798A0959-33C6-4912-8A87-5C964F023179}.Debug|x64.Build.0 = Debug|x64
		{798A0959-33C6-4912-8A87-5C964F023179}.Debug|x86.ActiveCfg = Debug|Win32
		{798A0959-33C6-4912-8A87-5C964F023179}.Debug|x86.Build.0 = Debug|Win32
		{798A0959-33C6-4912-8A87-5C964F023179}.Release|x64.ActiveCfg = Release|x64
		{798A0959-33C6-4912-8A87-5C964F023179}.Release|x64.Build.0 = Release|x64
		{798A0959-33C6-4912-8A87-5C964F023179}.Release|x86.ActiveCfg = Release|Win32
		{798A0959-33C6-4912-8A87-5C964F023179}.Release|x86.Build.0 = Release|Win32
	EndGlobalSection
	GlobalSection(SolutionProperties) = preSolution
		HideSolutionNode = FALSE
	EndGlobalSection
	GlobalSection(ExtensibilityGlobals) = postSolution
		SolutionGuid = {B33016F9-31E8-43FF-8170-D56F249AD409}
	EndGlobalSection
EndGlobal
